
Microsoft Visual Studio Solution File, Format Version 12.00
# Visual Studio Version 16
VisualStudioVersion = 16.0.31019.35
MinimumVisualStudioVersion = 10.0.40219.1
Project("{9A19103F-16F7-4668-BE54-9A1E7A4F7556}") = "MultiValueDictionarySample", "MultiValueDictionarySample\MultiValueDictionarySample.csproj", "{605222BA-8E92-4BE9-951D-524C1B562342}"
EndProject
Project("{9A19103F-16F7-4668-BE54-9A1E7A4F7556}") = "MultiValueDictionarySample.Tests", "MultiValueDictionarySample.Tests\MultiValueDictionarySample.Tests.csproj", "{2C9C4A86-FEFA-499A-AC95-90D2A80EFD46}"
EndProject
Global
	GlobalSection(SolutionConfigurationPlatforms) = preSolution
		Debug|Any CPU = Debug|Any CPU
		Release|Any CPU = Release|Any CPU
	EndGlobalSection
	GlobalSection(ProjectConfigurationPlatforms) = postSolution
		{605222BA-8E92-4BE9-951D-524C1B562342}.Debug|Any CPU.ActiveCfg = Debug|Any CPU
		{605222BA-8E92-4BE9-951D-524C1B562342}.Debug|Any CPU.Build.0 = Debug|Any CPU
		{605222BA-8E92-4BE9-951D-524C1B562342}.Release|Any CPU.ActiveCfg = Release|Any CPU
		{605222BA-8E92-4BE9-951D-524C1B562342}.Release|Any CPU.Build.0 = Release|Any CPU
		{2C9C4A86-FEFA-499A-AC95-90D2A80EFD46}.Debug|Any CPU.ActiveCfg = Debug|Any CPU
		{2C9C4A86-FEFA-499A-AC95-90D2A80EFD46}.Debug|Any CPU.Build.0 = Debug|Any CPU
		{2C9C4A86-FEFA-499A-AC95-90D2A80EFD46}.Release|Any CPU.ActiveCfg = Release|Any CPU
		{2C9C4A86-FEFA-499A-AC95-90D2A80EFD46}.Release|Any CPU.Build.0 = Release|Any CPU
	EndGlobalSection
	GlobalSection(SolutionProperties) = preSolution
		HideSolutionNode = FALSE
	EndGlobalSection
	GlobalSection(ExtensibilityGlobals) = postSolution
		SolutionGuid = {FCD855B7-0D59-4788-8B68-A6205642581E}
	EndGlobalSection
EndGlobal
